
Microsoft Visual Studio Solution File, Format Version 12.00
# Visual Studio 14
VisualStudioVersion = 14.0.25420.1
MinimumVisualStudioVersion = 10.0.40219.1
Project("{FAE04EC0-301F-11D3-BF4B-00C04F79EFBC}") = "LamadingsTelegram", "LamadingsTelegram\LamadingsTelegram.csproj", "{0564B05D-C913-448B-BF7C-44F779826064}"
EndProject
Project("{FAE04EC0-301F-11D3-BF4B-00C04F79EFBC}") = "LamadingsTelegramDienst", "LamadingsTelegramDienst\LamadingsTelegramDienst.csproj", "{DA3AD155-B3B9-4604-82B4-DCA08617EFA4}"
EndProject
Global
	GlobalSection(SolutionConfigurationPlatforms) = preSolution
		Debug|Any CPU = Debug|Any CPU
		Release|Any CPU = Release|Any CPU
	EndGlobalSection
	GlobalSection(ProjectConfigurationPlatforms) = postSolution
		{0564B05D-C913-448B-BF7C-44F779826064}.Debug|Any CPU.ActiveCfg = Debug|Any CPU
		{0564B05D-C913-448B-BF7C-44F779826064}.Debug|Any CPU.Build.0 = Debug|Any CPU
		{0564B05D-C913-448B-BF7C-44F779826064}.Release|Any CPU.ActiveCfg = Release|Any CPU
		{0564B05D-C913-448B-BF7C-44F779826064}.Release|Any CPU.Build.0 = Release|Any CPU
		{DA3AD155-B3B9-4604-82B4-DCA08617EFA4}.Debug|Any CPU.ActiveCfg = Debug|Any CPU
		{DA3AD155-B3B9-4604-82B4-DCA08617EFA4}.Debug|Any CPU.Build.0 = Debug|Any CPU
		{DA3AD155-B3B9-4604-82B4-DCA08617EFA4}.Release|Any CPU.ActiveCfg = Release|Any CPU
		{DA3AD155-B3B9-4604-82B4-DCA08617EFA4}.Release|Any CPU.Build.0 = Release|Any CPU
	EndGlobalSection
	GlobalSection(SolutionProperties) = preSolution
		HideSolutionNode = FALSE
	EndGlobalSection
EndGlobal
